
Microsoft Visual Studio Solution File, Format Version 12.00
# Visual Studio Version 17
VisualStudioVersion = 17.8.34511.84
MinimumVisualStudioVersion = 10.0.40219.1
Project("{FAE04EC0-301F-11D3-BF4B-00C04F79EFBC}") = "Lab2", "Lab2\Lab2.csproj", "{B11C8D38-D557-4EE7-B752-9FEE0166FA68}"
EndProject
Global
	GlobalSection(SolutionConfigurationPlatforms) = preSolution
		Debug|Any CPU = Debug|Any CPU
		Release|Any CPU = Release|Any CPU
	EndGlobalSection
	GlobalSection(ProjectConfigurationPlatforms) = postSolution
		{B11C8D38-D557-4EE7-B752-9FEE0166FA68}.Debug|Any CPU.ActiveCfg = Debug|Any CPU
		{B11C8D38-D557-4EE7-B752-9FEE0166FA68}.Debug|Any CPU.Build.0 = Debug|Any CPU
		{B11C8D38-D557-4EE7-B752-9FEE0166FA68}.Release|Any CPU.ActiveCfg = Release|Any CPU
		{B11C8D38-D557-4EE7-B752-9FEE0166FA68}.Release|Any CPU.Build.0 = Release|Any CPU
	EndGlobalSection
	GlobalSection(SolutionProperties) = preSolution
		HideSolutionNode = FALSE
	EndGlobalSection
	GlobalSection(ExtensibilityGlobals) = postSolution
		SolutionGuid = {58A2DCE0-A601-40EB-A520-80A81906F0E1}
	EndGlobalSection
EndGlobal
